
Microsoft Visual Studio Solution File, Format Version 12.00
# Visual Studio Version 17
VisualStudioVersion = 17.11.35303.130
MinimumVisualStudioVersion = 10.0.40219.1
Project("{2150E333-8FDC-42A3-9474-1A3956D46DE8}") = "Task0", "Task0", "{F6166BA6-87ED-4869-AC2E-6806E72FEB32}"
EndProject
Project("{FAE04EC0-301F-11D3-BF4B-00C04F79EFBC}") = "Tyuiu.KirichokEV.Sprint2.Task0.V16", "Tyuiu.KirichokEV.Sprint2.Task0.V16\Tyuiu.KirichokEV.Sprint2.Task0.V16.csproj", "{73EAC03D-3D4B-4146-AF35-07ECA5FEDCB7}"
EndProject
Project("{FAE04EC0-301F-11D3-BF4B-00C04F79EFBC}") = "Tyuiu.KirichokEV.Sprint2.Task0.V16.Lib", "Tyuiu.KirichokEV.Sprint2.Task0.V16.Lib\Tyuiu.KirichokEV.Sprint2.Task0.V16.Lib.csproj", "{99CAF6BC-AE74-4B9E-8FBC-03D03D9A0C7B}"
EndProject
Project("{FAE04EC0-301F-11D3-BF4B-00C04F79EFBC}") = "Tyuiu.KirichokEV.Sprint2.Task0.V16.Test", "Tyuiu.KirichokEV.Sprint2.Task0.V16.Test\Tyuiu.KirichokEV.Sprint2.Task0.V16.Test.csproj", "{B898BD31-F7E3-4970-8947-71C9E01AAC9D}"
EndProject
Project("{2150E333-8FDC-42A3-9474-1A3956D46DE8}") = "Task1", "Task1", "{F217C61E-FE4E-4C90-BD22-8E6F9DC86765}"
EndProject
Project("{FAE04EC0-301F-11D3-BF4B-00C04F79EFBC}") = "Tyuiu.KirichokEV.Sprint2.Task1.V1", "Tyuiu.KirichokEV.Sprint2.Task1.V1\Tyuiu.KirichokEV.Sprint2.Task1.V1.csproj", "{2EBFF8AC-4370-4F7A-98A3-D19126C0ED2C}"
EndProject
Project("{FAE04EC0-301F-11D3-BF4B-00C04F79EFBC}") = "Tyuiu.KirichokEV.Sprint2.Task1.V1.Lib", "Tyuiu.KirichokEV.Sprint2.Task1.V1.Lib\Tyuiu.KirichokEV.Sprint2.Task1.V1.Lib.csproj", "{D1B0E2D4-8278-4DC9-9AD2-662C6F53F5DA}"
EndProject
Project("{FAE04EC0-301F-11D3-BF4B-00C04F79EFBC}") = "Tyuiu.KirichokEV.Sprint2.Task1.V1.Test", "Tyuiu.KirichokEV.Sprint2.Task1.V1.Test\Tyuiu.KirichokEV.Sprint2.Task1.V1.Test.csproj", "{7DAC4E0C-9E34-4F5F-9BE1-24D630CA23A3}"
EndProject
Project("{2150E333-8FDC-42A3-9474-1A3956D46DE8}") = "Task2", "Task2", "{605508DE-F52D-4035-9CDF-0F3B48511266}"
EndProject
Project("{FAE04EC0-301F-11D3-BF4B-00C04F79EFBC}") = "Tyuiu.KirichokEV.Sprint2.Task2.V6", "Tyuiu.KirichokEV.Sprint2.Task2.V6\Tyuiu.KirichokEV.Sprint2.Task2.V6.csproj", "{ED443939-5A85-4696-9143-C65AC75CECB4}"
EndProject
Project("{FAE04EC0-301F-11D3-BF4B-00C04F79EFBC}") = "Tyuiu.KirichokEV.Sprint2.Task2.V6.Lib", "Tyuiu.KirichokEV.Sprint2.Task2.V6.Lib\Tyuiu.KirichokEV.Sprint2.Task2.V6.Lib.csproj", "{A9B10249-AC9B-49F3-83DA-3DF5B17A17F3}"
EndProject
Project("{FAE04EC0-301F-11D3-BF4B-00C04F79EFBC}") = "Tyuiu.KirichokEV.Sprint2.Task2.V6.Test", "Tyuiu.KirichokEV.Sprint2.Task2.V6.Test\Tyuiu.KirichokEV.Sprint2.Task2.V6.Test.csproj", "{ACA1DA98-BC76-47DE-AD8F-BA6E41651E57}"
EndProject
Global
	GlobalSection(SolutionConfigurationPlatforms) = preSolution
		Debug|Any CPU = Debug|Any CPU
		Release|Any CPU = Release|Any CPU
	EndGlobalSection
	GlobalSection(ProjectConfigurationPlatforms) = postSolution
		{73EAC03D-3D4B-4146-AF35-07ECA5FEDCB7}.Debug|Any CPU.ActiveCfg = Debug|Any CPU
		{73EAC03D-3D4B-4146-AF35-07ECA5FEDCB7}.Debug|Any CPU.Build.0 = Debug|Any CPU
		{73EAC03D-3D4B-4146-AF35-07ECA5FEDCB7}.Release|Any CPU.ActiveCfg = Release|Any CPU
		{73EAC03D-3D4B-4146-AF35-07ECA5FEDCB7}.Release|Any CPU.Build.0 = Release|Any CPU
		{99CAF6BC-AE74-4B9E-8FBC-03D03D9A0C7B}.Debug|Any CPU.ActiveCfg = Debug|Any CPU
		{99CAF6BC-AE74-4B9E-8FBC-03D03D9A0C7B}.Debug|Any CPU.Build.0 = Debug|Any CPU
		{99CAF6BC-AE74-4B9E-8FBC-03D03D9A0C7B}.Release|Any CPU.ActiveCfg = Release|Any CPU
		{99CAF6BC-AE74-4B9E-8FBC-03D03D9A0C7B}.Release|Any CPU.Build.0 = Release|Any CPU
		{B898BD31-F7E3-4970-8947-71C9E01AAC9D}.Debug|Any CPU.ActiveCfg = Debug|Any CPU
		{B898BD31-F7E3-4970-8947-71C9E01AAC9D}.Debug|Any CPU.Build.0 = Debug|Any CPU
		{B898BD31-F7E3-4970-8947-71C9E01AAC9D}.Release|Any CPU.ActiveCfg = Release|Any CPU
		{B898BD31-F7E3-4970-8947-71C9E01AAC9D}.Release|Any CPU.Build.0 = Release|Any CPU
		{2EBFF8AC-4370-4F7A-98A3-D19126C0ED2C}.Debug|Any CPU.ActiveCfg = Debug|Any CPU
		{2EBFF8AC-4370-4F7A-98A3-D19126C0ED2C}.Debug|Any CPU.Build.0 = Debug|Any CPU
		{2EBFF8AC-4370-4F7A-98A3-D19126C0ED2C}.Release|Any CPU.ActiveCfg = Release|Any CPU
		{2EBFF8AC-4370-4F7A-98A3-D19126C0ED2C}.Release|Any CPU.Build.0 = Release|Any CPU
		{D1B0E2D4-8278-4DC9-9AD2-662C6F53F5DA}.Debug|Any CPU.ActiveCfg = Debug|Any CPU
		{D1B0E2D4-8278-4DC9-9AD2-662C6F53F5DA}.Debug|Any CPU.Build.0 = Debug|Any CPU
		{D1B0E2D4-8278-4DC9-9AD2-662C6F53F5DA}.Release|Any CPU.ActiveCfg = Release|Any CPU
		{D1B0E2D4-8278-4DC9-9AD2-662C6F53F5DA}.Release|Any CPU.Build.0 = Release|Any CPU
		{7DAC4E0C-9E34-4F5F-9BE1-24D630CA23A3}.Debug|Any CPU.ActiveCfg = Debug|Any CPU
		{7DAC4E0C-9E34-4F5F-9BE1-24D630CA23A3}.Debug|Any CPU.Build.0 = Debug|Any CPU
		{7DAC4E0C-9E34-4F5F-9BE1-24D630CA23A3}.Release|Any CPU.ActiveCfg = Release|Any CPU
		{7DAC4E0C-9E34-4F5F-9BE1-24D630CA23A3}.Release|Any CPU.Build.0 = Release|Any CPU
		{ED443939-5A85-4696-9143-C65AC75CECB4}.Debug|Any CPU.ActiveCfg = Debug|Any CPU
		{ED443939-5A85-4696-9143-C65AC75CECB4}.Debug|Any CPU.Build.0 = Debug|Any CPU
		{ED443939-5A85-4696-9143-C65AC75CECB4}.Release|Any CPU.ActiveCfg = Release|Any CPU
		{ED443939-5A85-4696-9143-C65AC75CECB4}.Release|Any CPU.Build.0 = Release|Any CPU
		{A9B10249-AC9B-49F3-83DA-3DF5B17A17F3}.Debug|Any CPU.ActiveCfg = Debug|Any CPU
		{A9B10249-AC9B-49F3-83DA-3DF5B17A17F3}.Debug|Any CPU.Build.0 = Debug|Any CPU
		{A9B10249-AC9B-49F3-83DA-3DF5B17A17F3}.Release|Any CPU.ActiveCfg = Release|Any CPU
		{A9B10249-AC9B-49F3-83DA-3DF5B17A17F3}.Release|Any CPU.Build.0 = Release|Any CPU
		{ACA1DA98-BC76-47DE-AD8F-BA6E41651E57}.Debug|Any CPU.ActiveCfg = Debug|Any CPU
		{ACA1DA98-BC76-47DE-AD8F-BA6E41651E57}.Debug|Any CPU.Build.0 = Debug|Any CPU
		{ACA1DA98-BC76-47DE-AD8F-BA6E41651E57}.Release|Any CPU.ActiveCfg = Release|Any CPU
		{ACA1DA98-BC76-47DE-AD8F-BA6E41651E57}.Release|Any CPU.Build.0 = Release|Any CPU
	EndGlobalSection
	GlobalSection(SolutionProperties) = preSolution
		HideSolutionNode = FALSE
	EndGlobalSection
	GlobalSection(NestedProjects) = preSolution
		{73EAC03D-3D4B-4146-AF35-07ECA5FEDCB7} = {F6166BA6-87ED-4869-AC2E-6806E72FEB32}
		{99CAF6BC-AE74-4B9E-8FBC-03D03D9A0C7B} = {F6166BA6-87ED-4869-AC2E-6806E72FEB32}
		{B898BD31-F7E3-4970-8947-71C9E01AAC9D} = {F6166BA6-87ED-4869-AC2E-6806E72FEB32}
		{2EBFF8AC-4370-4F7A-98A3-D19126C0ED2C} = {F217C61E-FE4E-4C90-BD22-8E6F9DC86765}
		{D1B0E2D4-8278-4DC9-9AD2-662C6F53F5DA} = {F217C61E-FE4E-4C90-BD22-8E6F9DC86765}
		{7DAC4E0C-9E34-4F5F-9BE1-24D630CA23A3} = {F217C61E-FE4E-4C90-BD22-8E6F9DC86765}
		{ED443939-5A85-4696-9143-C65AC75CECB4} = {605508DE-F52D-4035-9CDF-0F3B48511266}
		{A9B10249-AC9B-49F3-83DA-3DF5B17A17F3} = {605508DE-F52D-4035-9CDF-0F3B48511266}
		{ACA1DA98-BC76-47DE-AD8F-BA6E41651E57} = {605508DE-F52D-4035-9CDF-0F3B48511266}
	EndGlobalSection
	GlobalSection(ExtensibilityGlobals) = postSolution
		SolutionGuid = {6C4EFF16-338B-4ABE-8629-66BE381678F5}
	EndGlobalSection
EndGlobal
